PODS:
  - Alamofire (3.4.0)
  - AlamofireImage (2.4.0):
    - Alamofire (~> 3.3)
  - SWXMLHash (2.3.1)

DEPENDENCIES:
  - Alamofire (~> 3.3)
  - AlamofireImage (~> 2.0)
  - SWXMLHash (~> 2.3.0)

SPEC CHECKSUMS:
  Alamofire: c19a627cefd6a95f840401c49ab1f124e07f54ee
  AlamofireImage: 87408b652e0f5ae5fe364035f15aea8b9b24c77e
  SWXMLHash: 795c66e74f4cc9473ad6465c6653c5a6f59f417e

PODFILE CHECKSUM: 89177d747ec11582d8b7e2204b98ef51bc0f1b36

COCOAPODS: 1.0.0
